// !$*UTF8*$!
{
	archiveVersion = 1;
	classes = {
	};
	objectVersion = 50;
	objects = {

/* Begin PBXBuildFile section */
		C631D598243DA7F500878759 /* MyDrinksTableViewController.swift in Sources */ = {isa = PBXBuildFile; fileRef = C631D597243DA7F500878759 /* MyDrinksTableViewController.swift */; };
		C631D59A243DA83200878759 /* CreateDrinkTableViewController.swift in Sources */ = {isa = PBXBuildFile; fileRef = C631D599243DA83200878759 /* CreateDrinkTableViewController.swift */; };
		C631D59C243DAF3700878759 /* MyDrinksTableViewCell.swift in Sources */ = {isa = PBXBuildFile; fileRef = C631D59B243DAF3700878759 /* MyDrinksTableViewCell.swift */; };
		C631D59E24442E6500878759 /* SearchDrinksTableViewController.swift in Sources */ = {isa = PBXBuildFile; fileRef = C631D59D24442E6500878759 /* SearchDrinksTableViewController.swift */; };
		C631D5A0244434F000878759 /* AddCocktailDelegate.swift in Sources */ = {isa = PBXBuildFile; fileRef = C631D59F244434F000878759 /* AddCocktailDelegate.swift */; };
		C65B66E524530BAF003990EE /* EditDescriptionViewController.swift in Sources */ = {isa = PBXBuildFile; fileRef = C65B66E424530BAF003990EE /* EditDescriptionViewController.swift */; };
		C68A29542444865400C2D1CB /* EditCocktailViewController.swift in Sources */ = {isa = PBXBuildFile; fileRef = C68A29532444865400C2D1CB /* EditCocktailViewController.swift */; };
		C68A295C2446E43500C2D1CB /* Cocktail+CoreDataClass.swift in Sources */ = {isa = PBXBuildFile; fileRef = C68A29562446E43500C2D1CB /* Cocktail+CoreDataClass.swift */; };
		C68A295D2446E43500C2D1CB /* Cocktail+CoreDataProperties.swift in Sources */ = {isa = PBXBuildFile; fileRef = C68A29572446E43500C2D1CB /* Cocktail+CoreDataProperties.swift */; };
		C68A295E2446E43500C2D1CB /* IngredientMeasurement+CoreDataClass.swift in Sources */ = {isa = PBXBuildFile; fileRef = C68A29582446E43500C2D1CB /* IngredientMeasurement+CoreDataClass.swift */; };
		C68A295F2446E43500C2D1CB /* IngredientMeasurement+CoreDataProperties.swift in Sources */ = {isa = PBXBuildFile; fileRef = C68A29592446E43500C2D1CB /* IngredientMeasurement+CoreDataProperties.swift */; };
		C68A29602446E43500C2D1CB /* Ingredient+CoreDataClass.swift in Sources */ = {isa = PBXBuildFile; fileRef = C68A295A2446E43500C2D1CB /* Ingredient+CoreDataClass.swift */; };
		C68A29612446E43500C2D1CB /* Ingredient+CoreDataProperties.swift in Sources */ = {isa = PBXBuildFile; fileRef = C68A295B2446E43500C2D1CB /* Ingredient+CoreDataProperties.swift */; };
		C68A29642446E46200C2D1CB /* DatabaseProtocol.swift in Sources */ = {isa = PBXBuildFile; fileRef = C68A29632446E46200C2D1CB /* DatabaseProtocol.swift */; };
		C68A29662446E71400C2D1CB /* MulticastDelegate.swift in Sources */ = {isa = PBXBuildFile; fileRef = C68A29652446E71400C2D1CB /* MulticastDelegate.swift */; };
		C68A29682446E73C00C2D1CB /* CoreDataController.swift in Sources */ = {isa = PBXBuildFile; fileRef = C68A29672446E73C00C2D1CB /* CoreDataController.swift */; };
		C6B869502452A06F00601F15 /* DrinkData.swift in Sources */ = {isa = PBXBuildFile; fileRef = C6B8694F2452A06F00601F15 /* DrinkData.swift */; };
		C6B869522452A49F00601F15 /* VolumeData.swift in Sources */ = {isa = PBXBuildFile; fileRef = C6B869512452A49F00601F15 /* VolumeData.swift */; };
		C6B869562452BBAF00601F15 /* IngredientData.swift in Sources */ = {isa = PBXBuildFile; fileRef = C6B869552452BBAF00601F15 /* IngredientData.swift */; };
		C6B869582452BCEE00601F15 /* DefaultIngredients.swift in Sources */ = {isa = PBXBuildFile; fileRef = C6B869572452BCEE00601F15 /* DefaultIngredients.swift */; };
		C6B8695A2452DDD200601F15 /* AddIngredientViewController.swift in Sources */ = {isa = PBXBuildFile; fileRef = C6B869592452DDD200601F15 /* AddIngredientViewController.swift */; };
		C6D3B4B2243D9A3200AB353A /* AppDelegate.swift in Sources */ = {isa = PBXBuildFile; fileRef = C6D3B4B1243D9A3200AB353A /* AppDelegate.swift */; };
		C6D3B4B4243D9A3200AB353A /* SceneDelegate.swift in Sources */ = {isa = PBXBuildFile; fileRef = C6D3B4B3243D9A3200AB353A /* SceneDelegate.swift */; };
		C6D3B4B6243D9A3200AB353A /* ViewController.swift in Sources */ = {isa = PBXBuildFile; fileRef = C6D3B4B5243D9A3200AB353A /* ViewController.swift */; };
		C6D3B4B9243D9A3200AB353A /* Main.storyboard in Resources */ = {isa = PBXBuildFile; fileRef = C6D3B4B7243D9A3200AB353A /* Main.storyboard */; };
		C6D3B4BC243D9A3200AB353A /* LUKEHAEFFNER_A2_iOSPortfolioTasks.xcdatamodeld in Sources */ = {isa = PBXBuildFile; fileRef = C6D3B4BA243D9A3200AB353A /* LUKEHAEFFNER_A2_iOSPortfolioTasks.xcdatamodeld */; };
		C6D3B4BE243D9A3700AB353A /* Assets.xcassets in Resources */ = {isa = PBXBuildFile; fileRef = C6D3B4BD243D9A3700AB353A /* Assets.xcassets */; };
		C6D3B4C1243D9A3700AB353A /* LaunchScreen.storyboard in Resources */ = {isa = PBXBuildFile; fileRef = C6D3B4BF243D9A3700AB353A /* LaunchScreen.storyboard */; };
/* End PBXBuildFile section */

/* Begin PBXFileReference section */
		C631D597243DA7F500878759 /* MyDrinksTableViewController.swift */ = {isa = PBXFileReference; lastKnownFileType = sourcecode.swift; path = MyDrinksTableViewController.swift; sourceTree = "<group>"; };
		C631D599243DA83200878759 /* CreateDrinkTableViewController.swift */ = {isa = PBXFileReference; lastKnownFileType = sourcecode.swift; path = CreateDrinkTableViewController.swift; sourceTree = "<group>"; };
		C631D59B243DAF3700878759 /* MyDrinksTableViewCell.swift */ = {isa = PBXFileReference; lastKnownFileType = sourcecode.swift; path = MyDrinksTableViewCell.swift; sourceTree = "<group>"; };
		C631D59D24442E6500878759 /* SearchDrinksTableViewController.swift */ = {isa = PBXFileReference; lastKnownFileType = sourcecode.swift; path = SearchDrinksTableViewController.swift; sourceTree = "<group>"; };
		C631D59F244434F000878759 /* AddCocktailDelegate.swift */ = {isa = PBXFileReference; lastKnownFileType = sourcecode.swift; path = AddCocktailDelegate.swift; sourceTree = "<group>"; };
		C65B66E424530BAF003990EE /* EditDescriptionViewController.swift */ = {isa = PBXFileReference; lastKnownFileType = sourcecode.swift; path = EditDescriptionViewController.swift; sourceTree = "<group>"; };
		C68A29532444865400C2D1CB /* EditCocktailViewController.swift */ = {isa = PBXFileReference; lastKnownFileType = sourcecode.swift; path = EditCocktailViewController.swift; sourceTree = "<group>"; };
		C68A29562446E43500C2D1CB /* Cocktail+CoreDataClass.swift */ = {isa = PBXFileReference; lastKnownFileType = sourcecode.swift; path = "Cocktail+CoreDataClass.swift"; sourceTree = "<group>"; };
		C68A29572446E43500C2D1CB /* Cocktail+CoreDataProperties.swift */ = {isa = PBXFileReference; lastKnownFileType = sourcecode.swift; path = "Cocktail+CoreDataProperties.swift"; sourceTree = "<group>"; };
		C68A29582446E43500C2D1CB /* IngredientMeasurement+CoreDataClass.swift */ = {isa = PBXFileReference; lastKnownFileType = sourcecode.swift; path = "IngredientMeasurement+CoreDataClass.swift"; sourceTree = "<group>"; };
		C68A29592446E43500C2D1CB /* IngredientMeasurement+CoreDataProperties.swift */ = {isa = PBXFileReference; lastKnownFileType = sourcecode.swift; path = "IngredientMeasurement+CoreDataProperties.swift"; sourceTree = "<group>"; };
		C68A295A2446E43500C2D1CB /* Ingredient+CoreDataClass.swift */ = {isa = PBXFileReference; lastKnownFileType = sourcecode.swift; path = "Ingredient+CoreDataClass.swift"; sourceTree = "<group>"; };
		C68A295B2446E43500C2D1CB /* Ingredient+CoreDataProperties.swift */ = {isa = PBXFileReference; lastKnownFileType = sourcecode.swift; path = "Ingredient+CoreDataProperties.swift"; sourceTree = "<group>"; };
		C68A29632446E46200C2D1CB /* DatabaseProtocol.swift */ = {isa = PBXFileReference; lastKnownFileType = sourcecode.swift; path = DatabaseProtocol.swift; sourceTree = "<group>"; };
		C68A29652446E71400C2D1CB /* MulticastDelegate.swift */ = {isa = PBXFileReference; lastKnownFileType = sourcecode.swift; path = MulticastDelegate.swift; sourceTree = "<group>"; };
		C68A29672446E73C00C2D1CB /* CoreDataController.swift */ = {isa = PBXFileReference; lastKnownFileType = sourcecode.swift; path = CoreDataController.swift; sourceTree = "<group>"; };
		C6B8694F2452A06F00601F15 /* DrinkData.swift */ = {isa = PBXFileReference; lastKnownFileType = sourcecode.swift; path = DrinkData.swift; sourceTree = "<group>"; };
		C6B869512452A49F00601F15 /* VolumeData.swift */ = {isa = PBXFileReference; lastKnownFileType = sourcecode.swift; path = VolumeData.swift; sourceTree = "<group>"; };
		C6B869552452BBAF00601F15 /* IngredientData.swift */ = {isa = PBXFileReference; lastKnownFileType = sourcecode.swift; path = IngredientData.swift; sourceTree = "<group>"; };
		C6B869572452BCEE00601F15 /* DefaultIngredients.swift */ = {isa = PBXFileReference; lastKnownFileType = sourcecode.swift; path = DefaultIngredients.swift; sourceTree = "<group>"; };
		C6B869592452DDD200601F15 /* AddIngredientViewController.swift */ = {isa = PBXFileReference; lastKnownFileType = sourcecode.swift; path = AddIngredientViewController.swift; sourceTree = "<group>"; };
		C6D3B4AE243D9A3200AB353A /* LUKEHAEFFNER-A2-iOSPortfolioTasks.app */ = {isa = PBXFileReference; explicitFileType = wrapper.application; includeInIndex = 0; path = "LUKEHAEFFNER-A2-iOSPortfolioTasks.app"; sourceTree = BUILT_PRODUCTS_DIR; };
		C6D3B4B1243D9A3200AB353A /* AppDelegate.swift */ = {isa = PBXFileReference; lastKnownFileType = sourcecode.swift; path = AppDelegate.swift; sourceTree = "<group>"; };
		C6D3B4B3243D9A3200AB353A /* SceneDelegate.swift */ = {isa = PBXFileReference; lastKnownFileType = sourcecode.swift; path = SceneDelegate.swift; sourceTree = "<group>"; };
		C6D3B4B5243D9A3200AB353A /* ViewController.swift */ = {isa = PBXFileReference; lastKnownFileType = sourcecode.swift; path = ViewController.swift; sourceTree = "<group>"; };
		C6D3B4B8243D9A3200AB353A /* Base */ = {isa = PBXFileReference; lastKnownFileType = file.storyboard; name = Base; path = Base.lproj/Main.storyboard; sourceTree = "<group>"; };
		C6D3B4BB243D9A3200AB353A /* LUKEHAEFFNER_A2_iOSPortfolioTasks.xcdatamodel */ = {isa = PBXFileReference; lastKnownFileType = wrapper.xcdatamodel; path = LUKEHAEFFNER_A2_iOSPortfolioTasks.xcdatamodel; sourceTree = "<group>"; };
		C6D3B4BD243D9A3700AB353A /* Assets.xcassets */ = {isa = PBXFileReference; lastKnownFileType = folder.assetcatalog; path = Assets.xcassets; sourceTree = "<group>"; };
		C6D3B4C0243D9A3700AB353A /* Base */ = {isa = PBXFileReference; lastKnownFileType = file.storyboard; name = Base; path = Base.lproj/LaunchScreen.storyboard; sourceTree = "<group>"; };
		C6D3B4C2243D9A3700AB353A /* Info.plist */ = {isa = PBXFileReference; lastKnownFileType = text.plist.xml; path = Info.plist; sourceTree = "<group>"; };
/* End PBXFileReference section */

/* Begin PBXFrameworksBuildPhase section */
		C6D3B4AB243D9A3200AB353A /* Frameworks */ = {
			isa = PBXFrameworksBuildPhase;
			buildActionMask = 2147483647;
			files = (
			);
			runOnlyForDeploymentPostprocessing = 0;
		};
/* End PBXFrameworksBuildPhase section */

/* Begin PBXGroup section */
		C631D596243DA7D500878759 /* ViewControllers */ = {
			isa = PBXGroup;
			children = (
				C631D597243DA7F500878759 /* MyDrinksTableViewController.swift */,
				C631D599243DA83200878759 /* CreateDrinkTableViewController.swift */,
				C631D59B243DAF3700878759 /* MyDrinksTableViewCell.swift */,
				C631D59D24442E6500878759 /* SearchDrinksTableViewController.swift */,
				C68A29532444865400C2D1CB /* EditCocktailViewController.swift */,
				C6B869592452DDD200601F15 /* AddIngredientViewController.swift */,
				C65B66E424530BAF003990EE /* EditDescriptionViewController.swift */,
			);
			path = ViewControllers;
			sourceTree = "<group>";
		};
		C68A29552446E40700C2D1CB /* DataModel */ = {
			isa = PBXGroup;
			children = (
				C68A29562446E43500C2D1CB /* Cocktail+CoreDataClass.swift */,
				C68A29572446E43500C2D1CB /* Cocktail+CoreDataProperties.swift */,
				C68A29582446E43500C2D1CB /* IngredientMeasurement+CoreDataClass.swift */,
				C68A29592446E43500C2D1CB /* IngredientMeasurement+CoreDataProperties.swift */,
				C68A295A2446E43500C2D1CB /* Ingredient+CoreDataClass.swift */,
				C68A295B2446E43500C2D1CB /* Ingredient+CoreDataProperties.swift */,
			);
			path = DataModel;
			sourceTree = "<group>";
		};
		C68A29622446E44500C2D1CB /* Database */ = {
			isa = PBXGroup;
			children = (
				C68A29632446E46200C2D1CB /* DatabaseProtocol.swift */,
				C68A29652446E71400C2D1CB /* MulticastDelegate.swift */,
				C68A29672446E73C00C2D1CB /* CoreDataController.swift */,
			);
			path = Database;
			sourceTree = "<group>";
		};
		C6B8694C24529FD900601F15 /* Decoder */ = {
			isa = PBXGroup;
			children = (
				C6B8694F2452A06F00601F15 /* DrinkData.swift */,
				C6B869512452A49F00601F15 /* VolumeData.swift */,
				C6B869552452BBAF00601F15 /* IngredientData.swift */,
				C6B869572452BCEE00601F15 /* DefaultIngredients.swift */,
			);
			path = Decoder;
			sourceTree = "<group>";
		};
		C6D3B4A5243D9A3200AB353A = {
			isa = PBXGroup;
			children = (
				C6D3B4B0243D9A3200AB353A /* LUKEHAEFFNER-A2-iOSPortfolioTasks */,
				C6D3B4AF243D9A3200AB353A /* Products */,
			);
			sourceTree = "<group>";
		};
		C6D3B4AF243D9A3200AB353A /* Products */ = {
			isa = PBXGroup;
			children = (
				C6D3B4AE243D9A3200AB353A /* LUKEHAEFFNER-A2-iOSPortfolioTasks.app */,
			);
			name = Products;
			sourceTree = "<group>";
		};
		C6D3B4B0243D9A3200AB353A /* LUKEHAEFFNER-A2-iOSPortfolioTasks */ = {
			isa = PBXGroup;
			children = (
				C6B8694C24529FD900601F15 /* Decoder */,
				C68A29622446E44500C2D1CB /* Database */,
				C68A29552446E40700C2D1CB /* DataModel */,
				C631D596243DA7D500878759 /* ViewControllers */,
				C6D3B4B1243D9A3200AB353A /* AppDelegate.swift */,
				C6D3B4B3243D9A3200AB353A /* SceneDelegate.swift */,
				C6D3B4B5243D9A3200AB353A /* ViewController.swift */,
				C6D3B4B7243D9A3200AB353A /* Main.storyboard */,
				C6D3B4BD243D9A3700AB353A /* Assets.xcassets */,
				C6D3B4BF243D9A3700AB353A /* LaunchScreen.storyboard */,
				C6D3B4C2243D9A3700AB353A /* Info.plist */,
				C6D3B4BA243D9A3200AB353A /* LUKEHAEFFNER_A2_iOSPortfolioTasks.xcdatamodeld */,
				C631D59F244434F000878759 /* AddCocktailDelegate.swift */,
			);
			path = "LUKEHAEFFNER-A2-iOSPortfolioTasks";
			sourceTree = "<group>";
		};
/* End PBXGroup section */

/* Begin PBXNativeTarget section */
		C6D3B4AD243D9A3200AB353A /* LUKEHAEFFNER-A2-iOSPortfolioTasks */ = {
			isa = PBXNativeTarget;
			buildConfigurationList = C6D3B4C5243D9A3700AB353A /* Build configuration list for PBXNativeTarget "LUKEHAEFFNER-A2-iOSPortfolioTasks" */;
			buildPhases = (
				C6D3B4AA243D9A3200AB353A /* Sources */,
				C6D3B4AB243D9A3200AB353A /* Frameworks */,
				C6D3B4AC243D9A3200AB353A /* Resources */,
			);
			buildRules = (
			);
			dependencies = (
			);
			name = "LUKEHAEFFNER-A2-iOSPortfolioTasks";
			productName = "LUKEHAEFFNER-A2-iOSPortfolioTasks";
			productReference = C6D3B4AE243D9A3200AB353A /* LUKEHAEFFNER-A2-iOSPortfolioTasks.app */;
			productType = "com.apple.product-type.application";
		};
/* End PBXNativeTarget section */

/* Begin PBXProject section */
		C6D3B4A6243D9A3200AB353A /* Project object */ = {
			isa = PBXProject;
			attributes = {
				LastSwiftUpdateCheck = 1130;
				LastUpgradeCheck = 1130;
				ORGANIZATIONNAME = "Luke Haeffner";
				TargetAttributes = {
					C6D3B4AD243D9A3200AB353A = {
						CreatedOnToolsVersion = 11.3.1;
					};
				};
			};
			buildConfigurationList = C6D3B4A9243D9A3200AB353A /* Build configuration list for PBXProject "LUKEHAEFFNER-A2-iOSPortfolioTasks" */;
			compatibilityVersion = "Xcode 9.3";
			developmentRegion = en;
			hasScannedForEncodings = 0;
			knownRegions = (
				en,
				Base,
			);
			mainGroup = C6D3B4A5243D9A3200AB353A;
			productRefGroup = C6D3B4AF243D9A3200AB353A /* Products */;
			projectDirPath = "";
			projectRoot = "";
			targets = (
				C6D3B4AD243D9A3200AB353A /* LUKEHAEFFNER-A2-iOSPortfolioTasks */,
			);
		};
/* End PBXProject section */

/* Begin PBXResourcesBuildPhase section */
		C6D3B4AC243D9A3200AB353A /* Resources */ = {
			isa = PBXResourcesBuildPhase;
			buildActionMask = 2147483647;
			files = (
				C6D3B4C1243D9A3700AB353A /* LaunchScreen.storyboard in Resources */,
				C6D3B4BE243D9A3700AB353A /* Assets.xcassets in Resources */,
				C6D3B4B9243D9A3200AB353A /* Main.storyboard in Resources */,
			);
			runOnlyForDeploymentPostprocessing = 0;
		};
/* End PBXResourcesBuildPhase section */

/* Begin PBXSourcesBuildPhase section */
		C6D3B4AA243D9A3200AB353A /* Sources */ = {
			isa = PBXSourcesBuildPhase;
			buildActionMask = 2147483647;
			files = (
				C6D3B4B6243D9A3200AB353A /* ViewController.swift in Sources */,
				C6D3B4B2243D9A3200AB353A /* AppDelegate.swift in Sources */,
				C68A29612446E43500C2D1CB /* Ingredient+CoreDataProperties.swift in Sources */,
				C68A29542444865400C2D1CB /* EditCocktailViewController.swift in Sources */,
				C631D59A243DA83200878759 /* CreateDrinkTableViewController.swift in Sources */,
				C631D59E24442E6500878759 /* SearchDrinksTableViewController.swift in Sources */,
				C68A295E2446E43500C2D1CB /* IngredientMeasurement+CoreDataClass.swift in Sources */,
				C6B8695A2452DDD200601F15 /* AddIngredientViewController.swift in Sources */,
				C631D59C243DAF3700878759 /* MyDrinksTableViewCell.swift in Sources */,
				C6B869562452BBAF00601F15 /* IngredientData.swift in Sources */,
				C631D5A0244434F000878759 /* AddCocktailDelegate.swift in Sources */,
				C6B869582452BCEE00601F15 /* DefaultIngredients.swift in Sources */,
				C68A295D2446E43500C2D1CB /* Cocktail+CoreDataProperties.swift in Sources */,
				C631D598243DA7F500878759 /* MyDrinksTableViewController.swift in Sources */,
				C6D3B4BC243D9A3200AB353A /* LUKEHAEFFNER_A2_iOSPortfolioTasks.xcdatamodeld in Sources */,
				C68A295F2446E43500C2D1CB /* IngredientMeasurement+CoreDataProperties.swift in Sources */,
				C6B869522452A49F00601F15 /* VolumeData.swift in Sources */,
				C6D3B4B4243D9A3200AB353A /* SceneDelegate.swift in Sources */,
				C68A29642446E46200C2D1CB /* DatabaseProtocol.swift in Sources */,
				C68A29602446E43500C2D1CB /* Ingredient+CoreDataClass.swift in Sources */,
				C6B869502452A06F00601F15 /* DrinkData.swift in Sources */,
				C68A29682446E73C00C2D1CB /* CoreDataController.swift in Sources */,
				C68A295C2446E43500C2D1CB /* Cocktail+CoreDataClass.swift in Sources */,
				C68A29662446E71400C2D1CB /* MulticastDelegate.swift in Sources */,
				C65B66E524530BAF003990EE /* EditDescriptionViewController.swift in Sources */,
			);
			runOnlyForDeploymentPostprocessing = 0;
		};
/* End PBXSourcesBuildPhase section */

/* Begin PBXVariantGroup section */
		C6D3B4B7243D9A3200AB353A /* Main.storyboard */ = {
			isa = PBXVariantGroup;
			children = (
				C6D3B4B8243D9A3200AB353A /* Base */,
			);
			name = Main.storyboard;
			sourceTree = "<group>";
		};
		C6D3B4BF243D9A3700AB353A /* LaunchScreen.storyboard */ = {
			isa = PBXVariantGroup;
			children = (
				C6D3B4C0243D9A3700AB353A /* Base */,
			);
			name = LaunchScreen.storyboard;
			sourceTree = "<group>";
		};
/* End PBXVariantGroup section */

/* Begin XCBuildConfiguration section */
		C6D3B4C3243D9A3700AB353A /* Debug */ = {
			isa = XCBuildConfiguration;
			buildSettings = {
				ALWAYS_SEARCH_USER_PATHS = NO;
				CLANG_ANALYZER_NONNULL = YES;
				CLANG_ANALYZER_NUMBER_OBJECT_CONVERSION = YES_AGGRESSIVE;
				CLANG_CXX_LANGUAGE_STANDARD = "gnu++14";
				CLANG_CXX_LIBRARY = "libc++";
				CLANG_ENABLE_MODULES = YES;
				CLANG_ENABLE_OBJC_ARC = YES;
				CLANG_ENABLE_OBJC_WEAK = YES;
				CLANG_WARN_BLOCK_CAPTURE_AUTORELEASING = YES;
				CLANG_WARN_BOOL_CONVERSION = YES;
				CLANG_WARN_COMMA = YES;
				CLANG_WARN_CONSTANT_CONVERSION = YES;
				CLANG_WARN_DEPRECATED_OBJC_IMPLEMENTATIONS = YES;
				CLANG_WARN_DIRECT_OBJC_ISA_USAGE = YES_ERROR;
				CLANG_WARN_DOCUMENTATION_COMMENTS = YES;
				CLANG_WARN_EMPTY_BODY = YES;
				CLANG_WARN_ENUM_CONVERSION = YES;
				CLANG_WARN_INFINITE_RECURSION = YES;
				CLANG_WARN_INT_CONVERSION = YES;
				CLANG_WARN_NON_LITERAL_NULL_CONVERSION = YES;
				CLANG_WARN_OBJC_IMPLICIT_RETAIN_SELF = YES;
				CLANG_WARN_OBJC_LITERAL_CONVERSION = YES;
				CLANG_WARN_OBJC_ROOT_CLASS = YES_ERROR;
				CLANG_WARN_RANGE_LOOP_ANALYSIS = YES;
				CLANG_WARN_STRICT_PROTOTYPES = YES;
				CLANG_WARN_SUSPICIOUS_MOVE = YES;
				CLANG_WARN_UNGUARDED_AVAILABILITY = YES_AGGRESSIVE;
				CLANG_WARN_UNREACHABLE_CODE = YES;
				CLANG_WARN__DUPLICATE_METHOD_MATCH = YES;
				COPY_PHASE_STRIP = NO;
				DEBUG_INFORMATION_FORMAT = dwarf;
				ENABLE_STRICT_OBJC_MSGSEND = YES;
				ENABLE_TESTABILITY = YES;
				GCC_C_LANGUAGE_STANDARD = gnu11;
				GCC_DYNAMIC_NO_PIC = NO;
				GCC_NO_COMMON_BLOCKS = YES;
				GCC_OPTIMIZATION_LEVEL = 0;
				GCC_PREPROCESSOR_DEFINITIONS = (
					"DEBUG=1",
					"$(inherited)",
				);
				GCC_WARN_64_TO_32_BIT_CONVERSION = YES;
				GCC_WARN_ABOUT_RETURN_TYPE = YES_ERROR;
				GCC_WARN_UNDECLARED_SELECTOR = YES;
				GCC_WARN_UNINITIALIZED_AUTOS = YES_AGGRESSIVE;
				GCC_WARN_UNUSED_FUNCTION = YES;
				GCC_WARN_UNUSED_VARIABLE = YES;
				IPHONEOS_DEPLOYMENT_TARGET = 13.2;
				MTL_ENABLE_DEBUG_INFO = INCLUDE_SOURCE;
				MTL_FAST_MATH = YES;
				ONLY_ACTIVE_ARCH = YES;
				SDKROOT = iphoneos;
				SWIFT_ACTIVE_COMPILATION_CONDITIONS = DEBUG;
				SWIFT_OPTIMIZATION_LEVEL = "-Onone";
			};
			name = Debug;
		};
		C6D3B4C4243D9A3700AB353A /* Release */ = {
			isa = XCBuildConfiguration;
			buildSettings = {
				ALWAYS_SEARCH_USER_PATHS = NO;
				CLANG_ANALYZER_NONNULL = YES;
				CLANG_ANALYZER_NUMBER_OBJECT_CONVERSION = YES_AGGRESSIVE;
				CLANG_CXX_LANGUAGE_STANDARD = "gnu++14";
				CLANG_CXX_LIBRARY = "libc++";
				CLANG_ENABLE_MODULES = YES;
				CLANG_ENABLE_OBJC_ARC = YES;
				CLANG_ENABLE_OBJC_WEAK = YES;
				CLANG_WARN_BLOCK_CAPTURE_AUTORELEASING = YES;
				CLANG_WARN_BOOL_CONVERSION = YES;
				CLANG_WARN_COMMA = YES;
				CLANG_WARN_CONSTANT_CONVERSION = YES;
				CLANG_WARN_DEPRECATED_OBJC_IMPLEMENTATIONS = YES;
				CLANG_WARN_DIRECT_OBJC_ISA_USAGE = YES_ERROR;
				CLANG_WARN_DOCUMENTATION_COMMENTS = YES;
				CLANG_WARN_EMPTY_BODY = YES;
				CLANG_WARN_ENUM_CONVERSION = YES;
				CLANG_WARN_INFINITE_RECURSION = YES;
				CLANG_WARN_INT_CONVERSION = YES;
				CLANG_WARN_NON_LITERAL_NULL_CONVERSION = YES;
				CLANG_WARN_OBJC_IMPLICIT_RETAIN_SELF = YES;
				CLANG_WARN_OBJC_LITERAL_CONVERSION = YES;
				CLANG_WARN_OBJC_ROOT_CLASS = YES_ERROR;
				CLANG_WARN_RANGE_LOOP_ANALYSIS = YES;
				CLANG_WARN_STRICT_PROTOTYPES = YES;
				CLANG_WARN_SUSPICIOUS_MOVE = YES;
				CLANG_WARN_UNGUARDED_AVAILABILITY = YES_AGGRESSIVE;
				CLANG_WARN_UNREACHABLE_CODE = YES;
				CLANG_WARN__DUPLICATE_METHOD_MATCH = YES;
				COPY_PHASE_STRIP = NO;
				DEBUG_INFORMATION_FORMAT = "dwarf-with-dsym";
				ENABLE_NS_ASSERTIONS = NO;
				ENABLE_STRICT_OBJC_MSGSEND = YES;
				GCC_C_LANGUAGE_STANDARD = gnu11;
				GCC_NO_COMMON_BLOCKS = YES;
				GCC_WARN_64_TO_32_BIT_CONVERSION = YES;
				GCC_WARN_ABOUT_RETURN_TYPE = YES_ERROR;
				GCC_WARN_UNDECLARED_SELECTOR = YES;
				GCC_WARN_UNINITIALIZED_AUTOS = YES_AGGRESSIVE;
				GCC_WARN_UNUSED_FUNCTION = YES;
				GCC_WARN_UNUSED_VARIABLE = YES;
				IPHONEOS_DEPLOYMENT_TARGET = 13.2;
				MTL_ENABLE_DEBUG_INFO = NO;
				MTL_FAST_MATH = YES;
				SDKROOT = iphoneos;
				SWIFT_COMPILATION_MODE = wholemodule;
				SWIFT_OPTIMIZATION_LEVEL = "-O";
				VALIDATE_PRODUCT = YES;
			};
			name = Release;
		};
		C6D3B4C6243D9A3700AB353A /* Debug */ = {
			isa = XCBuildConfiguration;
			buildSettings = {
				ASSETCATALOG_COMPILER_APPICON_NAME = AppIcon;
				CODE_SIGN_STYLE = Automatic;
				INFOPLIST_FILE = "LUKEHAEFFNER-A2-iOSPortfolioTasks/Info.plist";
				LD_RUNPATH_SEARCH_PATHS = (
					"$(inherited)",
					"@executable_path/Frameworks",
				);
				PRODUCT_BUNDLE_IDENTIFIER = "edu.monash.LUKEHAEFFNER-A2-iOSPortfolioTasks";
				PRODUCT_NAME = "$(TARGET_NAME)";
				SWIFT_VERSION = 5.0;
				TARGETED_DEVICE_FAMILY = "1,2";
			};
			name = Debug;
		};
		C6D3B4C7243D9A3700AB353A /* Release */ = {
			isa = XCBuildConfiguration;
			buildSettings = {
				ASSETCATALOG_COMPILER_APPICON_NAME = AppIcon;
				CODE_SIGN_STYLE = Automatic;
				INFOPLIST_FILE = "LUKEHAEFFNER-A2-iOSPortfolioTasks/Info.plist";
				LD_RUNPATH_SEARCH_PATHS = (
					"$(inherited)",
					"@executable_path/Frameworks",
				);
				PRODUCT_BUNDLE_IDENTIFIER = "edu.monash.LUKEHAEFFNER-A2-iOSPortfolioTasks";
				PRODUCT_NAME = "$(TARGET_NAME)";
				SWIFT_VERSION = 5.0;
				TARGETED_DEVICE_FAMILY = "1,2";
			};
			name = Release;
		};
/* End XCBuildConfiguration section */

/* Begin XCConfigurationList section */
		C6D3B4A9243D9A3200AB353A /* Build configuration list for PBXProject "LUKEHAEFFNER-A2-iOSPortfolioTasks" */ = {
			isa = XCConfigurationList;
			buildConfigurations = (
				C6D3B4C3243D9A3700AB353A /* Debug */,
				C6D3B4C4243D9A3700AB353A /* Release */,
			);
			defaultConfigurationIsVisible = 0;
			defaultConfigurationName = Release;
		};
		C6D3B4C5243D9A3700AB353A /* Build configuration list for PBXNativeTarget "LUKEHAEFFNER-A2-iOSPortfolioTasks" */ = {
			isa = XCConfigurationList;
			buildConfigurations = (
				C6D3B4C6243D9A3700AB353A /* Debug */,
				C6D3B4C7243D9A3700AB353A /* Release */,
			);
			defaultConfigurationIsVisible = 0;
			defaultConfigurationName = Release;
		};
/* End XCConfigurationList section */

/* Begin XCVersionGroup section */
		C6D3B4BA243D9A3200AB353A /* LUKEHAEFFNER_A2_iOSPortfolioTasks.xcdatamodeld */ = {
			isa = XCVersionGroup;
			children = (
				C6D3B4BB243D9A3200AB353A /* LUKEHAEFFNER_A2_iOSPortfolioTasks.xcdatamodel */,
			);
			currentVersion = C6D3B4BB243D9A3200AB353A /* LUKEHAEFFNER_A2_iOSPortfolioTasks.xcdatamodel */;
			path = LUKEHAEFFNER_A2_iOSPortfolioTasks.xcdatamodeld;
			sourceTree = "<group>";
			versionGroupType = wrapper.xcdatamodel;
		};
/* End XCVersionGroup section */
	};
	rootObject = C6D3B4A6243D9A3200AB353A /* Project object */;
}
